{
  "requires": true,
  "lockfileVersion": 1,
  "dependencies": {
    "fsm-shell": {
      "version": "1.9.2",
      "resolved": "https://registry.npmjs.org/fsm-shell/-/fsm-shell-1.9.2.tgz",
      "integrity": "sha512-IEZlvYYNbzQpFGVE2dnKZ4UY5e+ZGIbpPgAiOw6oU1RWn4QqsPteHKWwZt4OOg1sqM2eX27HBCO2aGNwxyUDXg=="
    }
  }
}
